
Microsoft Visual Studio Solution File, Format Version 12.00
# Visual Studio 14
VisualStudioVersion = 14.0.23107.0
MinimumVisualStudioVersion = 10.0.40219.1
Project("{FAE04EC0-301F-11D3-BF4B-00C04F79EFBC}") = "TestAPI", "TestAPI\TestAPI.csproj", "{331C97EE-5060-47D9-86D8-FC895DF55909}"
EndProject
Project("{2150E333-8FDC-42A3-9474-1A3956D46DE8}") = "PublishScripts", "PublishScripts", "{42D39F58-7EB4-490E-B602-13B0ADF39DF6}"
	ProjectSection(SolutionItems) = preProject
		PublishScripts\AzureVMPublishModule.psm1 = PublishScripts\AzureVMPublishModule.psm1
		PublishScripts\Publish-WebApplicationVM.ps1 = PublishScripts\Publish-WebApplicationVM.ps1
	EndProjectSection
EndProject
Project("{2150E333-8FDC-42A3-9474-1A3956D46DE8}") = "Configurations", "Configurations", "{8F95605D-85EE-48F5-A70A-D63F4914F3B2}"
	ProjectSection(SolutionItems) = preProject
		PublishScripts\Configurations\TestAPI-WAWS-dev-2.json = PublishScripts\Configurations\TestAPI-WAWS-dev-2.json
	EndProjectSection
EndProject
Global
	GlobalSection(SolutionConfigurationPlatforms) = preSolution
		Debug|Any CPU = Debug|Any CPU
		Release|Any CPU = Release|Any CPU
	EndGlobalSection
	GlobalSection(ProjectConfigurationPlatforms) = postSolution
		{331C97EE-5060-47D9-86D8-FC895DF55909}.Debug|Any CPU.ActiveCfg = Debug|Any CPU
		{331C97EE-5060-47D9-86D8-FC895DF55909}.Debug|Any CPU.Build.0 = Debug|Any CPU
		{331C97EE-5060-47D9-86D8-FC895DF55909}.Release|Any CPU.ActiveCfg = Release|Any CPU
		{331C97EE-5060-47D9-86D8-FC895DF55909}.Release|Any CPU.Build.0 = Release|Any CPU
	EndGlobalSection
	GlobalSection(SolutionProperties) = preSolution
		HideSolutionNode = FALSE
	EndGlobalSection
	GlobalSection(NestedProjects) = preSolution
		{8F95605D-85EE-48F5-A70A-D63F4914F3B2} = {42D39F58-7EB4-490E-B602-13B0ADF39DF6}
	EndGlobalSection
EndGlobal
